// !$*UTF8*$!
{
	archiveVersion = 1;
	classes = {
	};
	objectVersion = 56;
	objects = {

/* Begin PBXBuildFile section */
		26BC142C2C0D672A00B063C9 /* USB03_BLE_JPApp.swift in Sources */ = {isa = PBXBuildFile; fileRef = 26BC142B2C0D672A00B063C9 /* USB03_BLE_JPApp.swift */; };
		26BC142E2C0D672A00B063C9 /* ContentView.swift in Sources */ = {isa = PBXBuildFile; fileRef = 26BC142D2C0D672A00B063C9 /* ContentView.swift */; };
		26BC14302C0D672A00B063C9 /* Assets.xcassets in Resources */ = {isa = PBXBuildFile; fileRef = 26BC142F2C0D672A00B063C9 /* Assets.xcassets */; };
		26BC14332C0D672A00B063C9 /* Preview Assets.xcassets in Resources */ = {isa = PBXBuildFile; fileRef = 26BC14322C0D672A00B063C9 /* Preview Assets.xcassets */; };
		26BC143B2C0D678F00B063C9 /* YouTubeView.swift in Sources */ = {isa = PBXBuildFile; fileRef = 26BC143A2C0D678F00B063C9 /* YouTubeView.swift */; };
		26BC143E2C0D67BE00B063C9 /* PeripheralSettingView.swift in Sources */ = {isa = PBXBuildFile; fileRef = 26BC143D2C0D67BE00B063C9 /* PeripheralSettingView.swift */; };
		26BC14412C0D67E200B063C9 /* TimerManager.swift in Sources */ = {isa = PBXBuildFile; fileRef = 26BC14402C0D67E200B063C9 /* TimerManager.swift */; };
		26BC14432C0D67F900B063C9 /* TimeManager.swift in Sources */ = {isa = PBXBuildFile; fileRef = 26BC14422C0D67F900B063C9 /* TimeManager.swift */; };
		26BC14462C0D680E00B063C9 /* ModeView.swift in Sources */ = {isa = PBXBuildFile; fileRef = 26BC14452C0D680E00B063C9 /* ModeView.swift */; };
		26BC14492C0D683700B063C9 /* LandingView.swift in Sources */ = {isa = PBXBuildFile; fileRef = 26BC14482C0D683700B063C9 /* LandingView.swift */; };
		26BC144C2C0D685B00B063C9 /* ModeSettingView.swift in Sources */ = {isa = PBXBuildFile; fileRef = 26BC144B2C0D685B00B063C9 /* ModeSettingView.swift */; };
		26BC144E2C0D687600B063C9 /* ModeSettingView2.swift in Sources */ = {isa = PBXBuildFile; fileRef = 26BC144D2C0D687600B063C9 /* ModeSettingView2.swift */; };
		26BC14502C0D689300B063C9 /* ModeSettingView3.swift in Sources */ = {isa = PBXBuildFile; fileRef = 26BC144F2C0D689300B063C9 /* ModeSettingView3.swift */; };
		26BC14522C0D68A700B063C9 /* ModeSettingView4.swift in Sources */ = {isa = PBXBuildFile; fileRef = 26BC14512C0D68A700B063C9 /* ModeSettingView4.swift */; };
		26BC14542C0D68BC00B063C9 /* ModeSettingView5.swift in Sources */ = {isa = PBXBuildFile; fileRef = 26BC14532C0D68BC00B063C9 /* ModeSettingView5.swift */; };
		26BC14562C0D68D000B063C9 /* ModeSettingView6.swift in Sources */ = {isa = PBXBuildFile; fileRef = 26BC14552C0D68D000B063C9 /* ModeSettingView6.swift */; };
		26BC14582C0D68EA00B063C9 /* DayMode.swift in Sources */ = {isa = PBXBuildFile; fileRef = 26BC14572C0D68EA00B063C9 /* DayMode.swift */; };
		26BC145C2C0D691800B063C9 /* ScanView.swift in Sources */ = {isa = PBXBuildFile; fileRef = 26BC145B2C0D691800B063C9 /* ScanView.swift */; };
		26BC145F2C0D693B00B063C9 /* BluetoothManager.swift in Sources */ = {isa = PBXBuildFile; fileRef = 26BC145E2C0D693B00B063C9 /* BluetoothManager.swift */; };
		26BC14622C0D695D00B063C9 /* LocationManager.swift in Sources */ = {isa = PBXBuildFile; fileRef = 26BC14612C0D695D00B063C9 /* LocationManager.swift */; };
		26BC14652C0D697500B063C9 /* SettingView.swift in Sources */ = {isa = PBXBuildFile; fileRef = 26BC14642C0D697500B063C9 /* SettingView.swift */; };
/* End PBXBuildFile section */

/* Begin PBXFileReference section */
		26BC14282C0D672A00B063C9 /* USB03-BLE-JP.app */ = {isa = PBXFileReference; explicitFileType = wrapper.application; includeInIndex = 0; path = "USB03-BLE-JP.app"; sourceTree = BUILT_PRODUCTS_DIR; };
		26BC142B2C0D672A00B063C9 /* USB03_BLE_JPApp.swift */ = {isa = PBXFileReference; lastKnownFileType = sourcecode.swift; path = USB03_BLE_JPApp.swift; sourceTree = "<group>"; };
		26BC142D2C0D672A00B063C9 /* ContentView.swift */ = {isa = PBXFileReference; lastKnownFileType = sourcecode.swift; path = ContentView.swift; sourceTree = "<group>"; };
		26BC142F2C0D672A00B063C9 /* Assets.xcassets */ = {isa = PBXFileReference; lastKnownFileType = folder.assetcatalog; path = Assets.xcassets; sourceTree = "<group>"; };
		26BC14322C0D672A00B063C9 /* Preview Assets.xcassets */ = {isa = PBXFileReference; lastKnownFileType = folder.assetcatalog; path = "Preview Assets.xcassets"; sourceTree = "<group>"; };
		26BC143A2C0D678F00B063C9 /* YouTubeView.swift */ = {isa = PBXFileReference; lastKnownFileType = sourcecode.swift; path = YouTubeView.swift; sourceTree = "<group>"; };
		26BC143D2C0D67BE00B063C9 /* PeripheralSettingView.swift */ = {isa = PBXFileReference; lastKnownFileType = sourcecode.swift; path = PeripheralSettingView.swift; sourceTree = "<group>"; };
		26BC14402C0D67E200B063C9 /* TimerManager.swift */ = {isa = PBXFileReference; lastKnownFileType = sourcecode.swift; path = TimerManager.swift; sourceTree = "<group>"; };
		26BC14422C0D67F900B063C9 /* TimeManager.swift */ = {isa = PBXFileReference; lastKnownFileType = sourcecode.swift; path = TimeManager.swift; sourceTree = "<group>"; };
		26BC14452C0D680E00B063C9 /* ModeView.swift */ = {isa = PBXFileReference; lastKnownFileType = sourcecode.swift; path = ModeView.swift; sourceTree = "<group>"; };
		26BC14482C0D683700B063C9 /* LandingView.swift */ = {isa = PBXFileReference; lastKnownFileType = sourcecode.swift; path = LandingView.swift; sourceTree = "<group>"; };
		26BC144B2C0D685B00B063C9 /* ModeSettingView.swift */ = {isa = PBXFileReference; lastKnownFileType = sourcecode.swift; path = ModeSettingView.swift; sourceTree = "<group>"; };
		26BC144D2C0D687600B063C9 /* ModeSettingView2.swift */ = {isa = PBXFileReference; lastKnownFileType = sourcecode.swift; path = ModeSettingView2.swift; sourceTree = "<group>"; };
		26BC144F2C0D689300B063C9 /* ModeSettingView3.swift */ = {isa = PBXFileReference; lastKnownFileType = sourcecode.swift; path = ModeSettingView3.swift; sourceTree = "<group>"; };
		26BC14512C0D68A700B063C9 /* ModeSettingView4.swift */ = {isa = PBXFileReference; lastKnownFileType = sourcecode.swift; path = ModeSettingView4.swift; sourceTree = "<group>"; };
		26BC14532C0D68BC00B063C9 /* ModeSettingView5.swift */ = {isa = PBXFileReference; lastKnownFileType = sourcecode.swift; path = ModeSettingView5.swift; sourceTree = "<group>"; };
		26BC14552C0D68D000B063C9 /* ModeSettingView6.swift */ = {isa = PBXFileReference; lastKnownFileType = sourcecode.swift; path = ModeSettingView6.swift; sourceTree = "<group>"; };
		26BC14572C0D68EA00B063C9 /* DayMode.swift */ = {isa = PBXFileReference; lastKnownFileType = sourcecode.swift; path = DayMode.swift; sourceTree = "<group>"; };
		26BC145B2C0D691800B063C9 /* ScanView.swift */ = {isa = PBXFileReference; lastKnownFileType = sourcecode.swift; path = ScanView.swift; sourceTree = "<group>"; };
		26BC145E2C0D693B00B063C9 /* BluetoothManager.swift */ = {isa = PBXFileReference; lastKnownFileType = sourcecode.swift; path = BluetoothManager.swift; sourceTree = "<group>"; };
		26BC14612C0D695D00B063C9 /* LocationManager.swift */ = {isa = PBXFileReference; lastKnownFileType = sourcecode.swift; path = LocationManager.swift; sourceTree = "<group>"; };
		26BC14642C0D697500B063C9 /* SettingView.swift */ = {isa = PBXFileReference; lastKnownFileType = sourcecode.swift; path = SettingView.swift; sourceTree = "<group>"; };
		26BC14672C0D6E9A00B063C9 /* Info.plist */ = {isa = PBXFileReference; lastKnownFileType = text.plist; path = Info.plist; sourceTree = "<group>"; };
/* End PBXFileReference section */

/* Begin PBXFrameworksBuildPhase section */
		26BC14252C0D672A00B063C9 /* Frameworks */ = {
			isa = PBXFrameworksBuildPhase;
			buildActionMask = 2147483647;
			files = (
			);
			runOnlyForDeploymentPostprocessing = 0;
		};
/* End PBXFrameworksBuildPhase section */

/* Begin PBXGroup section */
		26BC141F2C0D672A00B063C9 = {
			isa = PBXGroup;
			children = (
				26BC142A2C0D672A00B063C9 /* USB03-BLE-JP */,
				26BC14292C0D672A00B063C9 /* Products */,
			);
			sourceTree = "<group>";
		};
		26BC14292C0D672A00B063C9 /* Products */ = {
			isa = PBXGroup;
			children = (
				26BC14282C0D672A00B063C9 /* USB03-BLE-JP.app */,
			);
			name = Products;
			sourceTree = "<group>";
		};
		26BC142A2C0D672A00B063C9 /* USB03-BLE-JP */ = {
			isa = PBXGroup;
			children = (
				26BC14672C0D6E9A00B063C9 /* Info.plist */,
				26BC14632C0D696B00B063C9 /* Setting */,
				26BC14602C0D695300B063C9 /* Location */,
				26BC145D2C0D693000B063C9 /* Bluetooth */,
				26BC145A2C0D691100B063C9 /* Scan */,
				26BC144A2C0D684C00B063C9 /* ModeSetting */,
				26BC14472C0D682400B063C9 /* Landing */,
				26BC14442C0D680500B063C9 /* Mode */,
				26BC143F2C0D67D500B063C9 /* Timer */,
				26BC143C2C0D67A600B063C9 /* PeripheralSetting */,
				26BC14392C0D677B00B063C9 /* Youtube */,
				26BC142B2C0D672A00B063C9 /* USB03_BLE_JPApp.swift */,
				26BC142D2C0D672A00B063C9 /* ContentView.swift */,
				26BC142F2C0D672A00B063C9 /* Assets.xcassets */,
				26BC14312C0D672A00B063C9 /* Preview Content */,
			);
			path = "USB03-BLE-JP";
			sourceTree = "<group>";
		};
		26BC14312C0D672A00B063C9 /* Preview Content */ = {
			isa = PBXGroup;
			children = (
				26BC14322C0D672A00B063C9 /* Preview Assets.xcassets */,
			);
			path = "Preview Content";
			sourceTree = "<group>";
		};
		26BC14392C0D677B00B063C9 /* Youtube */ = {
			isa = PBXGroup;
			children = (
				26BC143A2C0D678F00B063C9 /* YouTubeView.swift */,
			);
			path = Youtube;
			sourceTree = "<group>";
		};
		26BC143C2C0D67A600B063C9 /* PeripheralSetting */ = {
			isa = PBXGroup;
			children = (
				26BC143D2C0D67BE00B063C9 /* PeripheralSettingView.swift */,
			);
			path = PeripheralSetting;
			sourceTree = "<group>";
		};
		26BC143F2C0D67D500B063C9 /* Timer */ = {
			isa = PBXGroup;
			children = (
				26BC14402C0D67E200B063C9 /* TimerManager.swift */,
				26BC14422C0D67F900B063C9 /* TimeManager.swift */,
			);
			path = Timer;
			sourceTree = "<group>";
		};
		26BC14442C0D680500B063C9 /* Mode */ = {
			isa = PBXGroup;
			children = (
				26BC14452C0D680E00B063C9 /* ModeView.swift */,
			);
			path = Mode;
			sourceTree = "<group>";
		};
		26BC14472C0D682400B063C9 /* Landing */ = {
			isa = PBXGroup;
			children = (
				26BC14482C0D683700B063C9 /* LandingView.swift */,
			);
			path = Landing;
			sourceTree = "<group>";
		};
		26BC144A2C0D684C00B063C9 /* ModeSetting */ = {
			isa = PBXGroup;
			children = (
				26BC144B2C0D685B00B063C9 /* ModeSettingView.swift */,
				26BC144D2C0D687600B063C9 /* ModeSettingView2.swift */,
				26BC144F2C0D689300B063C9 /* ModeSettingView3.swift */,
				26BC14512C0D68A700B063C9 /* ModeSettingView4.swift */,
				26BC14532C0D68BC00B063C9 /* ModeSettingView5.swift */,
				26BC14552C0D68D000B063C9 /* ModeSettingView6.swift */,
				26BC14572C0D68EA00B063C9 /* DayMode.swift */,
			);
			path = ModeSetting;
			sourceTree = "<group>";
		};
		26BC145A2C0D691100B063C9 /* Scan */ = {
			isa = PBXGroup;
			children = (
				26BC145B2C0D691800B063C9 /* ScanView.swift */,
			);
			path = Scan;
			sourceTree = "<group>";
		};
		26BC145D2C0D693000B063C9 /* Bluetooth */ = {
			isa = PBXGroup;
			children = (
				26BC145E2C0D693B00B063C9 /* BluetoothManager.swift */,
			);
			path = Bluetooth;
			sourceTree = "<group>";
		};
		26BC14602C0D695300B063C9 /* Location */ = {
			isa = PBXGroup;
			children = (
				26BC14612C0D695D00B063C9 /* LocationManager.swift */,
			);
			path = Location;
			sourceTree = "<group>";
		};
		26BC14632C0D696B00B063C9 /* Setting */ = {
			isa = PBXGroup;
			children = (
				26BC14642C0D697500B063C9 /* SettingView.swift */,
			);
			path = Setting;
			sourceTree = "<group>";
		};
/* End PBXGroup section */

/* Begin PBXNativeTarget section */
		26BC14272C0D672A00B063C9 /* USB03-BLE-JP */ = {
			isa = PBXNativeTarget;
			buildConfigurationList = 26BC14362C0D672A00B063C9 /* Build configuration list for PBXNativeTarget "USB03-BLE-JP" */;
			buildPhases = (
				26BC14242C0D672A00B063C9 /* Sources */,
				26BC14252C0D672A00B063C9 /* Frameworks */,
				26BC14262C0D672A00B063C9 /* Resources */,
			);
			buildRules = (
			);
			dependencies = (
			);
			name = "USB03-BLE-JP";
			productName = "USB03-BLE-JP";
			productReference = 26BC14282C0D672A00B063C9 /* USB03-BLE-JP.app */;
			productType = "com.apple.product-type.application";
		};
/* End PBXNativeTarget section */

/* Begin PBXProject section */
		26BC14202C0D672A00B063C9 /* Project object */ = {
			isa = PBXProject;
			attributes = {
				BuildIndependentTargetsInParallel = 1;
				LastSwiftUpdateCheck = 1530;
				LastUpgradeCheck = 1530;
				TargetAttributes = {
					26BC14272C0D672A00B063C9 = {
						CreatedOnToolsVersion = 15.3;
					};
				};
			};
			buildConfigurationList = 26BC14232C0D672A00B063C9 /* Build configuration list for PBXProject "USB03-BLE-JP" */;
			compatibilityVersion = "Xcode 14.0";
			developmentRegion = en;
			hasScannedForEncodings = 0;
			knownRegions = (
				en,
				Base,
			);
			mainGroup = 26BC141F2C0D672A00B063C9;
			productRefGroup = 26BC14292C0D672A00B063C9 /* Products */;
			projectDirPath = "";
			projectRoot = "";
			targets = (
				26BC14272C0D672A00B063C9 /* USB03-BLE-JP */,
			);
		};
/* End PBXProject section */

/* Begin PBXResourcesBuildPhase section */
		26BC14262C0D672A00B063C9 /* Resources */ = {
			isa = PBXResourcesBuildPhase;
			buildActionMask = 2147483647;
			files = (
				26BC14332C0D672A00B063C9 /* Preview Assets.xcassets in Resources */,
				26BC14302C0D672A00B063C9 /* Assets.xcassets in Resources */,
			);
			runOnlyForDeploymentPostprocessing = 0;
		};
/* End PBXResourcesBuildPhase section */

/* Begin PBXSourcesBuildPhase section */
		26BC14242C0D672A00B063C9 /* Sources */ = {
			isa = PBXSourcesBuildPhase;
			buildActionMask = 2147483647;
			files = (
				26BC142E2C0D672A00B063C9 /* ContentView.swift in Sources */,
				26BC14412C0D67E200B063C9 /* TimerManager.swift in Sources */,
				26BC14432C0D67F900B063C9 /* TimeManager.swift in Sources */,
				26BC142C2C0D672A00B063C9 /* USB03_BLE_JPApp.swift in Sources */,
				26BC14492C0D683700B063C9 /* LandingView.swift in Sources */,
				26BC14502C0D689300B063C9 /* ModeSettingView3.swift in Sources */,
				26BC143B2C0D678F00B063C9 /* YouTubeView.swift in Sources */,
				26BC145F2C0D693B00B063C9 /* BluetoothManager.swift in Sources */,
				26BC14622C0D695D00B063C9 /* LocationManager.swift in Sources */,
				26BC14562C0D68D000B063C9 /* ModeSettingView6.swift in Sources */,
				26BC14652C0D697500B063C9 /* SettingView.swift in Sources */,
				26BC14462C0D680E00B063C9 /* ModeView.swift in Sources */,
				26BC145C2C0D691800B063C9 /* ScanView.swift in Sources */,
				26BC14542C0D68BC00B063C9 /* ModeSettingView5.swift in Sources */,
				26BC144E2C0D687600B063C9 /* ModeSettingView2.swift in Sources */,
				26BC143E2C0D67BE00B063C9 /* PeripheralSettingView.swift in Sources */,
				26BC14582C0D68EA00B063C9 /* DayMode.swift in Sources */,
				26BC144C2C0D685B00B063C9 /* ModeSettingView.swift in Sources */,
				26BC14522C0D68A700B063C9 /* ModeSettingView4.swift in Sources */,
			);
			runOnlyForDeploymentPostprocessing = 0;
		};
/* End PBXSourcesBuildPhase section */

/* Begin XCBuildConfiguration section */
		26BC14342C0D672A00B063C9 /* Debug */ = {
			isa = XCBuildConfiguration;
			buildSettings = {
				ALWAYS_SEARCH_USER_PATHS = NO;
				ASSETCATALOG_COMPILER_GENERATE_SWIFT_ASSET_SYMBOL_EXTENSIONS = YES;
				CLANG_ANALYZER_NONNULL = YES;
				CLANG_ANALYZER_NUMBER_OBJECT_CONVERSION = YES_AGGRESSIVE;
				CLANG_CXX_LANGUAGE_STANDARD = "gnu++20";
				CLANG_ENABLE_MODULES = YES;
				CLANG_ENABLE_OBJC_ARC = YES;
				CLANG_ENABLE_OBJC_WEAK = YES;
				CLANG_WARN_BLOCK_CAPTURE_AUTORELEASING = YES;
				CLANG_WARN_BOOL_CONVERSION = YES;
				CLANG_WARN_COMMA = YES;
				CLANG_WARN_CONSTANT_CONVERSION = YES;
				CLANG_WARN_DEPRECATED_OBJC_IMPLEMENTATIONS = YES;
				CLANG_WARN_DIRECT_OBJC_ISA_USAGE = YES_ERROR;
				CLANG_WARN_DOCUMENTATION_COMMENTS = YES;
				CLANG_WARN_EMPTY_BODY = YES;
				CLANG_WARN_ENUM_CONVERSION = YES;
				CLANG_WARN_INFINITE_RECURSION = YES;
				CLANG_WARN_INT_CONVERSION = YES;
				CLANG_WARN_NON_LITERAL_NULL_CONVERSION = YES;
				CLANG_WARN_OBJC_IMPLICIT_RETAIN_SELF = YES;
				CLANG_WARN_OBJC_LITERAL_CONVERSION = YES;
				CLANG_WARN_OBJC_ROOT_CLASS = YES_ERROR;
				CLANG_WARN_QUOTED_INCLUDE_IN_FRAMEWORK_HEADER = YES;
				CLANG_WARN_RANGE_LOOP_ANALYSIS = YES;
				CLANG_WARN_STRICT_PROTOTYPES = YES;
				CLANG_WARN_SUSPICIOUS_MOVE = YES;
				CLANG_WARN_UNGUARDED_AVAILABILITY = YES_AGGRESSIVE;
				CLANG_WARN_UNREACHABLE_CODE = YES;
				CLANG_WARN__DUPLICATE_METHOD_MATCH = YES;
				COPY_PHASE_STRIP = NO;
				DEBUG_INFORMATION_FORMAT = dwarf;
				ENABLE_STRICT_OBJC_MSGSEND = YES;
				ENABLE_TESTABILITY = YES;
				ENABLE_USER_SCRIPT_SANDBOXING = YES;
				GCC_C_LANGUAGE_STANDARD = gnu17;
				GCC_DYNAMIC_NO_PIC = NO;
				GCC_NO_COMMON_BLOCKS = YES;
				GCC_OPTIMIZATION_LEVEL = 0;
				GCC_PREPROCESSOR_DEFINITIONS = (
					"DEBUG=1",
					"$(inherited)",
				);
				GCC_WARN_64_TO_32_BIT_CONVERSION = YES;
				GCC_WARN_ABOUT_RETURN_TYPE = YES_ERROR;
				GCC_WARN_UNDECLARED_SELECTOR = YES;
				GCC_WARN_UNINITIALIZED_AUTOS = YES_AGGRESSIVE;
				GCC_WARN_UNUSED_FUNCTION = YES;
				GCC_WARN_UNUSED_VARIABLE = YES;
				IPHONEOS_DEPLOYMENT_TARGET = 16.0;
				LOCALIZATION_PREFERS_STRING_CATALOGS = YES;
				MTL_ENABLE_DEBUG_INFO = INCLUDE_SOURCE;
				MTL_FAST_MATH = YES;
				ONLY_ACTIVE_ARCH = YES;
				SDKROOT = iphoneos;
				SWIFT_ACTIVE_COMPILATION_CONDITIONS = "DEBUG $(inherited)";
				SWIFT_OPTIMIZATION_LEVEL = "-Onone";
			};
			name = Debug;
		};
		26BC14352C0D672A00B063C9 /* Release */ = {
			isa = XCBuildConfiguration;
			buildSettings = {
				ALWAYS_SEARCH_USER_PATHS = NO;
				ASSETCATALOG_COMPILER_GENERATE_SWIFT_ASSET_SYMBOL_EXTENSIONS = YES;
				CLANG_ANALYZER_NONNULL = YES;
				CLANG_ANALYZER_NUMBER_OBJECT_CONVERSION = YES_AGGRESSIVE;
				CLANG_CXX_LANGUAGE_STANDARD = "gnu++20";
				CLANG_ENABLE_MODULES = YES;
				CLANG_ENABLE_OBJC_ARC = YES;
				CLANG_ENABLE_OBJC_WEAK = YES;
				CLANG_WARN_BLOCK_CAPTURE_AUTORELEASING = YES;
				CLANG_WARN_BOOL_CONVERSION = YES;
				CLANG_WARN_COMMA = YES;
				CLANG_WARN_CONSTANT_CONVERSION = YES;
				CLANG_WARN_DEPRECATED_OBJC_IMPLEMENTATIONS = YES;
				CLANG_WARN_DIRECT_OBJC_ISA_USAGE = YES_ERROR;
				CLANG_WARN_DOCUMENTATION_COMMENTS = YES;
				CLANG_WARN_EMPTY_BODY = YES;
				CLANG_WARN_ENUM_CONVERSION = YES;
				CLANG_WARN_INFINITE_RECURSION = YES;
				CLANG_WARN_INT_CONVERSION = YES;
				CLANG_WARN_NON_LITERAL_NULL_CONVERSION = YES;
				CLANG_WARN_OBJC_IMPLICIT_RETAIN_SELF = YES;
				CLANG_WARN_OBJC_LITERAL_CONVERSION = YES;
				CLANG_WARN_OBJC_ROOT_CLASS = YES_ERROR;
				CLANG_WARN_QUOTED_INCLUDE_IN_FRAMEWORK_HEADER = YES;
				CLANG_WARN_RANGE_LOOP_ANALYSIS = YES;
				CLANG_WARN_STRICT_PROTOTYPES = YES;
				CLANG_WARN_SUSPICIOUS_MOVE = YES;
				CLANG_WARN_UNGUARDED_AVAILABILITY = YES_AGGRESSIVE;
				CLANG_WARN_UNREACHABLE_CODE = YES;
				CLANG_WARN__DUPLICATE_METHOD_MATCH = YES;
				COPY_PHASE_STRIP = NO;
				DEBUG_INFORMATION_FORMAT = "dwarf-with-dsym";
				ENABLE_NS_ASSERTIONS = NO;
				ENABLE_STRICT_OBJC_MSGSEND = YES;
				ENABLE_USER_SCRIPT_SANDBOXING = YES;
				GCC_C_LANGUAGE_STANDARD = gnu17;
				GCC_NO_COMMON_BLOCKS = YES;
				GCC_WARN_64_TO_32_BIT_CONVERSION = YES;
				GCC_WARN_ABOUT_RETURN_TYPE = YES_ERROR;
				GCC_WARN_UNDECLARED_SELECTOR = YES;
				GCC_WARN_UNINITIALIZED_AUTOS = YES_AGGRESSIVE;
				GCC_WARN_UNUSED_FUNCTION = YES;
				GCC_WARN_UNUSED_VARIABLE = YES;
				IPHONEOS_DEPLOYMENT_TARGET = 16.0;
				LOCALIZATION_PREFERS_STRING_CATALOGS = YES;
				MTL_ENABLE_DEBUG_INFO = NO;
				MTL_FAST_MATH = YES;
				SDKROOT = iphoneos;
				SWIFT_COMPILATION_MODE = wholemodule;
				VALIDATE_PRODUCT = YES;
			};
			name = Release;
		};
		26BC14372C0D672A00B063C9 /* Debug */ = {
			isa = XCBuildConfiguration;
			buildSettings = {
				ASSETCATALOG_COMPILER_APPICON_NAME = AppIcon;
				ASSETCATALOG_COMPILER_GLOBAL_ACCENT_COLOR_NAME = AccentColor;
				CODE_SIGN_STYLE = Automatic;
				CURRENT_PROJECT_VERSION = 1;
				DEVELOPMENT_ASSET_PATHS = "\"USB03-BLE-JP/Preview Content\"";
				DEVELOPMENT_TEAM = 67XM3HD969;
				ENABLE_PREVIEWS = YES;
				GENERATE_INFOPLIST_FILE = YES;
				INFOPLIST_FILE = "USB03-BLE-JP/Info.plist";
				INFOPLIST_KEY_NSBluetoothAlwaysUsageDescription = "";
				INFOPLIST_KEY_NSBluetoothPeripheralUsageDescription = "";
				INFOPLIST_KEY_NSLocationAlwaysAndWhenInUseUsageDescription = "\"現在地の位置使用を許可しますか\"";
				INFOPLIST_KEY_NSLocationWhenInUseUsageDescription = "\"現在地の位置使用を許可しますか\"";
				INFOPLIST_KEY_UIApplicationSceneManifest_Generation = YES;
				INFOPLIST_KEY_UIApplicationSupportsIndirectInputEvents = YES;
				INFOPLIST_KEY_UILaunchScreen_Generation = YES;
				INFOPLIST_KEY_UISupportedInterfaceOrientations_iPad = "UIInterfaceOrientationPortrait UIInterfaceOrientationPortraitUpsideDown UIInterfaceOrientationLandscapeLeft UIInterfaceOrientationLandscapeRight";
				INFOPLIST_KEY_UISupportedInterfaceOrientations_iPhone = "UIInterfaceOrientationPortrait UIInterfaceOrientationLandscapeLeft UIInterfaceOrientationLandscapeRight";
				IPHONEOS_DEPLOYMENT_TARGET = 15.0;
				LD_RUNPATH_SEARCH_PATHS = (
					"$(inherited)",
					"@executable_path/Frameworks",
				);
				MARKETING_VERSION = 1.0;
				PRODUCT_BUNDLE_IDENTIFIER = "URIEL-ELECTRONICS.USB03-BLE-JP";
				PRODUCT_NAME = "$(TARGET_NAME)";
				SWIFT_EMIT_LOC_STRINGS = YES;
				SWIFT_VERSION = 5.0;
				TARGETED_DEVICE_FAMILY = "1,2";
			};
			name = Debug;
		};
		26BC14382C0D672A00B063C9 /* Release */ = {
			isa = XCBuildConfiguration;
			buildSettings = {
				ASSETCATALOG_COMPILER_APPICON_NAME = AppIcon;
				ASSETCATALOG_COMPILER_GLOBAL_ACCENT_COLOR_NAME = AccentColor;
				CODE_SIGN_STYLE = Automatic;
				CURRENT_PROJECT_VERSION = 1;
				DEVELOPMENT_ASSET_PATHS = "\"USB03-BLE-JP/Preview Content\"";
				DEVELOPMENT_TEAM = 67XM3HD969;
				ENABLE_PREVIEWS = YES;
				GENERATE_INFOPLIST_FILE = YES;
				INFOPLIST_FILE = "USB03-BLE-JP/Info.plist";
				INFOPLIST_KEY_NSBluetoothAlwaysUsageDescription = "";
				INFOPLIST_KEY_NSBluetoothPeripheralUsageDescription = "";
				INFOPLIST_KEY_NSLocationAlwaysAndWhenInUseUsageDescription = "\"現在地の位置使用を許可しますか\"";
				INFOPLIST_KEY_NSLocationWhenInUseUsageDescription = "\"現在地の位置使用を許可しますか\"";
				INFOPLIST_KEY_UIApplicationSceneManifest_Generation = YES;
				INFOPLIST_KEY_UIApplicationSupportsIndirectInputEvents = YES;
				INFOPLIST_KEY_UILaunchScreen_Generation = YES;
				INFOPLIST_KEY_UISupportedInterfaceOrientations_iPad = "UIInterfaceOrientationPortrait UIInterfaceOrientationPortraitUpsideDown UIInterfaceOrientationLandscapeLeft UIInterfaceOrientationLandscapeRight";
				INFOPLIST_KEY_UISupportedInterfaceOrientations_iPhone = "UIInterfaceOrientationPortrait UIInterfaceOrientationLandscapeLeft UIInterfaceOrientationLandscapeRight";
				IPHONEOS_DEPLOYMENT_TARGET = 15.0;
				LD_RUNPATH_SEARCH_PATHS = (
					"$(inherited)",
					"@executable_path/Frameworks",
				);
				MARKETING_VERSION = 1.0;
				PRODUCT_BUNDLE_IDENTIFIER = "URIEL-ELECTRONICS.USB03-BLE-JP";
				PRODUCT_NAME = "$(TARGET_NAME)";
				SWIFT_EMIT_LOC_STRINGS = YES;
				SWIFT_VERSION = 5.0;
				TARGETED_DEVICE_FAMILY = "1,2";
			};
			name = Release;
		};
/* End XCBuildConfiguration section */

/* Begin XCConfigurationList section */
		26BC14232C0D672A00B063C9 /* Build configuration list for PBXProject "USB03-BLE-JP" */ = {
			isa = XCConfigurationList;
			buildConfigurations = (
				26BC14342C0D672A00B063C9 /* Debug */,
				26BC14352C0D672A00B063C9 /* Release */,
			);
			defaultConfigurationIsVisible = 0;
			defaultConfigurationName = Release;
		};
		26BC14362C0D672A00B063C9 /* Build configuration list for PBXNativeTarget "USB03-BLE-JP" */ = {
			isa = XCConfigurationList;
			buildConfigurations = (
				26BC14372C0D672A00B063C9 /* Debug */,
				26BC14382C0D672A00B063C9 /* Release */,
			);
			defaultConfigurationIsVisible = 0;
			defaultConfigurationName = Release;
		};
/* End XCConfigurationList section */
	};
	rootObject = 26BC14202C0D672A00B063C9 /* Project object */;
}
